// !$*UTF8*$!
{
	archiveVersion = 1;
	classes = {
	};
	objectVersion = 46;
	objects = {

/* Begin PBXBuildFile section */
		122D759E1CC9FB8D0067E598 /* main.cpp in Sources */ = {isa = PBXBuildFile; fileRef = 122D759D1CC9FB8D0067E598 /* main.cpp */; };
/* End PBXBuildFile section */

/* Begin PBXCopyFilesBuildPhase section */
		122D75981CC9FB8D0067E598 /* CopyFiles */ = {
			isa = PBXCopyFilesBuildPhase;
			buildActionMask = 2147483647;
			dstPath = /usr/share/man/man1/;
			dstSubfolderSpec = 0;
			files = (
			);
			runOnlyForDeploymentPostprocessing = 1;
		};
/* End PBXCopyFilesBuildPhase section */

/* Begin PBXFileReference section */
		122D759A1CC9FB8D0067E598 /* Tex_quotes */ = {isa = PBXFileReference; explicitFileType = "compiled.mach-o.executable"; includeInIndex = 0; path = Tex_quotes; sourceTree = BUILT_PRODUCTS_DIR; };
		122D759D1CC9FB8D0067E598 /* main.cpp */ = {isa = PBXFileReference; lastKnownFileType = sourcecode.cpp.cpp; path = main.cpp; sourceTree = "<group>"; };
/* End PBXFileReference section */

/* Begin PBXFrameworksBuildPhase section */
		122D75971CC9FB8D0067E598 /* Frameworks */ = {
			isa = PBXFrameworksBuildPhase;
			buildActionMask = 2147483647;
			files = (
			);
			runOnlyForDeploymentPostprocessing = 0;
		};
/* End PBXFrameworksBuildPhase section */

/* Begin PBXGroup section */
		122D75911CC9FB8D0067E598 = {
			isa = PBXGroup;
			children = (
				122D759C1CC9FB8D0067E598 /* Tex_quotes */,
				122D759B1CC9FB8D0067E598 /* Products */,
			);
			sourceTree = "<group>";
		};
		122D759B1CC9FB8D0067E598 /* Products */ = {
			isa = PBXGroup;
			children = (
				122D759A1CC9FB8D0067E598 /* Tex_quotes */,
			);
			name = Products;
			sourceTree = "<group>";
		};
		122D759C1CC9FB8D0067E598 /* Tex_quotes */ = {
			isa = PBXGroup;
			children = (
				122D759D1CC9FB8D0067E598 /* main.cpp */,
			);
			path = Tex_quotes;
			sourceTree = "<group>";
		};
/* End PBXGroup section */

/* Begin PBXNativeTarget section */
		122D75991CC9FB8D0067E598 /* Tex_quotes */ = {
			isa = PBXNativeTarget;
			buildConfigurationList = 122D75A11CC9FB8D0067E598 /* Build configuration list for PBXNativeTarget "Tex_quotes" */;
			buildPhases = (
				122D75961CC9FB8D0067E598 /* Sources */,
				122D75971CC9FB8D0067E598 /* Frameworks */,
				122D75981CC9FB8D0067E598 /* CopyFiles */,
			);
			buildRules = (
			);
			dependencies = (
			);
			name = Tex_quotes;
			productName = Tex_quotes;
			productReference = 122D759A1CC9FB8D0067E598 /* Tex_quotes */;
			productType = "com.apple.product-type.tool";
		};
/* End PBXNativeTarget section */

/* Begin PBXProject section */
		122D75921CC9FB8D0067E598 /* Project object */ = {
			isa = PBXProject;
			attributes = {
				LastUpgradeCheck = 0730;
				ORGANIZATIONNAME = "Saeed Ali";
				TargetAttributes = {
					122D75991CC9FB8D0067E598 = {
						CreatedOnToolsVersion = 7.3;
					};
				};
			};
			buildConfigurationList = 122D75951CC9FB8D0067E598 /* Build configuration list for PBXProject "Tex_quotes" */;
			compatibilityVersion = "Xcode 3.2";
			developmentRegion = English;
			hasScannedForEncodings = 0;
			knownRegions = (
				en,
			);
			mainGroup = 122D75911CC9FB8D0067E598;
			productRefGroup = 122D759B1CC9FB8D0067E598 /* Products */;
			projectDirPath = "";
			projectRoot = "";
			targets = (
				122D75991CC9FB8D0067E598 /* Tex_quotes */,
			);
		};
/* End PBXProject section */

/* Begin PBXSourcesBuildPhase section */
		122D75961CC9FB8D0067E598 /* Sources */ = {
			isa = PBXSourcesBuildPhase;
			buildActionMask = 2147483647;
			files = (
				122D759E1CC9FB8D0067E598 /* main.cpp in Sources */,
			);
			runOnlyForDeploymentPostprocessing = 0;
		};
/* End PBXSourcesBuildPhase section */

/* Begin XCBuildConfiguration section */
		122D759F1CC9FB8D0067E598 /* Debug */ = {
			isa = XCBuildConfiguration;
			buildSettings = {
				ALWAYS_SEARCH_USER_PATHS = NO;
				CLANG_ANALYZER_NONNULL = YES;
				CLANG_CXX_LANGUAGE_STANDARD = "gnu++0x";
				CLANG_CXX_LIBRARY = "libc++";
				CLANG_ENABLE_MODULES = YES;
				CLANG_ENABLE_OBJC_ARC = YES;
				CLANG_WARN_BOOL_CONVERSION = YES;
				CLANG_WARN_CONSTANT_CONVERSION = YES;
				CLANG_WARN_DIRECT_OBJC_ISA_USAGE = YES_ERROR;
				CLANG_WARN_EMPTY_BODY = YES;
				CLANG_WARN_ENUM_CONVERSION = YES;
				CLANG_WARN_INT_CONVERSION = YES;
				CLANG_WARN_OBJC_ROOT_CLASS = YES_ERROR;
				CLANG_WARN_UNREACHABLE_CODE = YES;
				CLANG_WARN__DUPLICATE_METHOD_MATCH = YES;
				CODE_SIGN_IDENTITY = "-";
				COPY_PHASE_STRIP = NO;
				DEBUG_INFORMATION_FORMAT = dwarf;
				ENABLE_STRICT_OBJC_MSGSEND = YES;
				ENABLE_TESTABILITY = YES;
				GCC_C_LANGUAGE_STANDARD = gnu99;
				GCC_DYNAMIC_NO_PIC = NO;
				GCC_NO_COMMON_BLOCKS = YES;
				GCC_OPTIMIZATION_LEVEL = 0;
				GCC_PREPROCESSOR_DEFINITIONS = (
					"DEBUG=1",
					"$(inherited)",
				);
				GCC_WARN_64_TO_32_BIT_CONVERSION = YES;
				GCC_WARN_ABOUT_RETURN_TYPE = YES_ERROR;
				GCC_WARN_UNDECLARED_SELECTOR = YES;
				GCC_WARN_UNINITIALIZED_AUTOS = YES_AGGRESSIVE;
				GCC_WARN_UNUSED_FUNCTION = YES;
				GCC_WARN_UNUSED_VARIABLE = YES;
				MACOSX_DEPLOYMENT_TARGET = 10.11;
				MTL_ENABLE_DEBUG_INFO = YES;
				ONLY_ACTIVE_ARCH = YES;
				SDKROOT = macosx;
			};
			name = Debug;
		};
		122D75A01CC9FB8D0067E598 /* Release */ = {
			isa = XCBuildConfiguration;
			buildSettings = {
				ALWAYS_SEARCH_USER_PATHS = NO;
				CLANG_ANALYZER_NONNULL = YES;
				CLANG_CXX_LANGUAGE_STANDARD = "gnu++0x";
				CLANG_CXX_LIBRARY = "libc++";
				CLANG_ENABLE_MODULES = YES;
				CLANG_ENABLE_OBJC_ARC = YES;
				CLANG_WARN_BOOL_CONVERSION = YES;
				CLANG_WARN_CONSTANT_CONVERSION = YES;
				CLANG_WARN_DIRECT_OBJC_ISA_USAGE = YES_ERROR;
				CLANG_WARN_EMPTY_BODY = YES;
				CLANG_WARN_ENUM_CONVERSION = YES;
				CLANG_WARN_INT_CONVERSION = YES;
				CLANG_WARN_OBJC_ROOT_CLASS = YES_ERROR;
				CLANG_WARN_UNREACHABLE_CODE = YES;
				CLANG_WARN__DUPLICATE_METHOD_MATCH = YES;
				CODE_SIGN_IDENTITY = "-";
				COPY_PHASE_STRIP = NO;
				DEBUG_INFORMATION_FORMAT = "dwarf-with-dsym";
				ENABLE_NS_ASSERTIONS = NO;
				ENABLE_STRICT_OBJC_MSGSEND = YES;
				GCC_C_LANGUAGE_STANDARD = gnu99;
				GCC_NO_COMMON_BLOCKS = YES;
				GCC_WARN_64_TO_32_BIT_CONVERSION = YES;
				GCC_WARN_ABOUT_RETURN_TYPE = YES_ERROR;
				GCC_WARN_UNDECLARED_SELECTOR = YES;
				GCC_WARN_UNINITIALIZED_AUTOS = YES_AGGRESSIVE;
				GCC_WARN_UNUSED_FUNCTION = YES;
				GCC_WARN_UNUSED_VARIABLE = YES;
				MACOSX_DEPLOYMENT_TARGET = 10.11;
				MTL_ENABLE_DEBUG_INFO = NO;
				SDKROOT = macosx;
			};
			name = Release;
		};
		122D75A21CC9FB8D0067E598 /* Debug */ = {
			isa = XCBuildConfiguration;
			buildSettings = {
				PRODUCT_NAME = "$(TARGET_NAME)";
			};
			name = Debug;
		};
		122D75A31CC9FB8D0067E598 /* Release */ = {
			isa = XCBuildConfiguration;
			buildSettings = {
				PRODUCT_NAME = "$(TARGET_NAME)";
			};
			name = Release;
		};
/* End XCBuildConfiguration section */

/* Begin XCConfigurationList section */
		122D75951CC9FB8D0067E598 /* Build configuration list for PBXProject "Tex_quotes" */ = {
			isa = XCConfigurationList;
			buildConfigurations = (
				122D759F1CC9FB8D0067E598 /* Debug */,
				122D75A01CC9FB8D0067E598 /* Release */,
			);
			defaultConfigurationIsVisible = 0;
			defaultConfigurationName = Release;
		};
		122D75A11CC9FB8D0067E598 /* Build configuration list for PBXNativeTarget "Tex_quotes" */ = {
			isa = XCConfigurationList;
			buildConfigurations = (
				122D75A21CC9FB8D0067E598 /* Debug */,
				122D75A31CC9FB8D0067E598 /* Release */,
			);
			defaultConfigurationIsVisible = 0;
		};
/* End XCConfigurationList section */
	};
	rootObject = 122D75921CC9FB8D0067E598 /* Project object */;
}
